
Microsoft Visual Studio Solution File, Format Version 12.00
# Visual Studio Version 16
VisualStudioVersion = 16.0.31515.178
MinimumVisualStudioVersion = 10.0.40219.1
Project("{8BC9CEB8-8B4A-11D0-8D11-00A0C91BC942}") = "CS2337 - Assignment 7.1", "CS2337 - Assignment 7.1\CS2337 - Assignment 7.1.vcxproj", "{E03258E3-8C07-4541-9B4A-18D0DF160B50}"
EndProject
Global
	GlobalSection(SolutionConfigurationPlatforms) = preSolution
		Debug|x64 = Debug|x64
		Debug|x86 = Debug|x86
		Release|x64 = Release|x64
		Release|x86 = Release|x86
	EndGlobalSection
	GlobalSection(ProjectConfigurationPlatforms) = postSolution
		{E03258E3-8C07-4541-9B4A-18D0DF160B50}.Debug|x64.ActiveCfg = Debug|x64
		{E03258E3-8C07-4541-9B4A-18D0DF160B50}.Debug|x64.Build.0 = Debug|x64
		{E03258E3-8C07-4541-9B4A-18D0DF160B50}.Debug|x86.ActiveCfg = Debug|Win32
		{E03258E3-8C07-4541-9B4A-18D0DF160B50}.Debug|x86.Build.0 = Debug|Win32
		{E03258E3-8C07-4541-9B4A-18D0DF160B50}.Release|x64.ActiveCfg = Release|x64
		{E03258E3-8C07-4541-9B4A-18D0DF160B50}.Release|x64.Build.0 = Release|x64
		{E03258E3-8C07-4541-9B4A-18D0DF160B50}.Release|x86.ActiveCfg = Release|Win32
		{E03258E3-8C07-4541-9B4A-18D0DF160B50}.Release|x86.Build.0 = Release|Win32
	EndGlobalSection
	GlobalSection(SolutionProperties) = preSolution
		HideSolutionNode = FALSE
	EndGlobalSection
	GlobalSection(ExtensibilityGlobals) = postSolution
		SolutionGuid = {A021D3A6-BFB0-4986-83D4-A1663716B715}
	EndGlobalSection
EndGlobal
